
Microsoft Visual Studio Solution File, Format Version 12.00
# Visual Studio Version 16
VisualStudioVersion = 16.0.29709.97
MinimumVisualStudioVersion = 10.0.40219.1
Project("{FAE04EC0-301F-11D3-BF4B-00C04F79EFBC}") = "QuickBuy.Dominio", "QuickBuy.Dominio\QuickBuy.Dominio.csproj", "{9A4E21D8-7A25-4291-93D8-3336ABD38626}"
EndProject
Project("{FAE04EC0-301F-11D3-BF4B-00C04F79EFBC}") = "QuickBuy.Repositorio", "QuickBuy.Repositorio\QuickBuy.Repositorio.csproj", "{55E7E106-9C6E-4F3B-92D8-B69F213E2DCE}"
EndProject
Project("{FAE04EC0-301F-11D3-BF4B-00C04F79EFBC}") = "QuickBuy.Web", "QuickBuy.Web\QuickBuy.Web.csproj", "{D433CC6E-2890-472E-B56A-047B174859AD}"
EndProject
Global
	GlobalSection(SolutionConfigurationPlatforms) = preSolution
		Debug|Any CPU = Debug|Any CPU
		Release|Any CPU = Release|Any CPU
	EndGlobalSection
	GlobalSection(ProjectConfigurationPlatforms) = postSolution
		{9A4E21D8-7A25-4291-93D8-3336ABD38626}.Debug|Any CPU.ActiveCfg = Debug|Any CPU
		{9A4E21D8-7A25-4291-93D8-3336ABD38626}.Debug|Any CPU.Build.0 = Debug|Any CPU
		{9A4E21D8-7A25-4291-93D8-3336ABD38626}.Release|Any CPU.ActiveCfg = Release|Any CPU
		{9A4E21D8-7A25-4291-93D8-3336ABD38626}.Release|Any CPU.Build.0 = Release|Any CPU
		{55E7E106-9C6E-4F3B-92D8-B69F213E2DCE}.Debug|Any CPU.ActiveCfg = Debug|Any CPU
		{55E7E106-9C6E-4F3B-92D8-B69F213E2DCE}.Debug|Any CPU.Build.0 = Debug|Any CPU
		{55E7E106-9C6E-4F3B-92D8-B69F213E2DCE}.Release|Any CPU.ActiveCfg = Release|Any CPU
		{55E7E106-9C6E-4F3B-92D8-B69F213E2DCE}.Release|Any CPU.Build.0 = Release|Any CPU
		{D433CC6E-2890-472E-B56A-047B174859AD}.Debug|Any CPU.ActiveCfg = Debug|Any CPU
		{D433CC6E-2890-472E-B56A-047B174859AD}.Debug|Any CPU.Build.0 = Debug|Any CPU
		{D433CC6E-2890-472E-B56A-047B174859AD}.Release|Any CPU.ActiveCfg = Release|Any CPU
		{D433CC6E-2890-472E-B56A-047B174859AD}.Release|Any CPU.Build.0 = Release|Any CPU
	EndGlobalSection
	GlobalSection(SolutionProperties) = preSolution
		HideSolutionNode = FALSE
	EndGlobalSection
	GlobalSection(ExtensibilityGlobals) = postSolution
		SolutionGuid = {86C94A81-0C34-4331-B133-F736826E1FB0}
	EndGlobalSection
EndGlobal
